<?xml version="1.0" encoding="utf-8"?>
<Project ToolsVersion="4.0" xmlns="http://schemas.microsoft.com/developer/msbuild/2003">
  <ItemGroup>
    <Filter Include="Source Files">
      <UniqueIdentifier>{4FC737F1-C7A5-4376-A066-2A32D752A2FF}</UniqueIdentifier>
      <Extensions>cpp;c;cc;cxx;def;odl;idl;hpj;bat;asm;asmx</Extensions>
    </Filter>
    <Filter Include="Header Files">
      <UniqueIdentifier>{93995380-89BD-4b04-88EB-625FBE52EBFB}</UniqueIdentifier>
      <Extensions>h;hpp;hxx;hm;inl;inc;xsd</Extensions>
    </Filter>
    <Filter Include="Resource Files">
      <UniqueIdentifier>{67DA6AB6-F800-4c08-8B7A-83BB121AAD01}</UniqueIdentifier>
      <Extensions>rc;ico;cur;bmp;dlg;rc2;rct;bin;rgs;gif;jpg;jpeg;jpe;resx;tiff;tif;png;wav;mfcribbon-ms</Extensions>
    </Filter>
  </ItemGroup>
  <ItemGroup>
    <Text Include="ReadMe.txt" />
  </ItemGroup>
  <ItemGroup>
    <ClInclude Include="stdafx.h">
      <Filter>Header Files</Filter>
    </ClInclude>
    <ClInclude Include="targetver.h">
      <Filter>Header Files</Filter>
    </ClInclude>
    <ClInclude Include="cgalv2m.h">
      <Filter>Header Files</Filter>
    </ClInclude>
    <ClInclude Include="corner_points.h">
      <Filter>Header Files</Filter>
    </ClInclude>
    <ClInclude Include="diag.h">
      <Filter>Header Files</Filter>
    </ClInclude>
    <ClInclude Include="eml_sort.h">
      <Filter>Header Files</Filter>
    </ClInclude>
    <ClInclude Include="eye.h">
      <Filter>Header Files</Filter>
    </ClInclude>
    <ClInclude Include="fclose.h">
      <Filter>Header Files</Filter>
    </ClInclude>
    <ClInclude Include="fileManager.h">
      <Filter>Header Files</Filter>
    </ClInclude>
    <ClInclude Include="fillholes.h">
      <Filter>Header Files</Filter>
    </ClInclude>
    <ClInclude Include="fillimg.h">
      <Filter>Header Files</Filter>
    </ClInclude>
    <ClInclude Include="fopen.h">
      <Filter>Header Files</Filter>
    </ClInclude>
    <ClInclude Include="fprintf.h">
      <Filter>Header Files</Filter>
    </ClInclude>
    <ClInclude Include="fread.h">
      <Filter>Header Files</Filter>
    </ClInclude>
    <ClInclude Include="imdilate.h">
      <Filter>Header Files</Filter>
    </ClInclude>
    <ClInclude Include="imreconstruct.h">
      <Filter>Header Files</Filter>
    </ClInclude>
    <ClInclude Include="meshing.h">
      <Filter>Header Files</Filter>
    </ClInclude>
    <ClInclude Include="norm.h">
      <Filter>Header Files</Filter>
    </ClInclude>
    <ClInclude Include="padarray.h">
      <Filter>Header Files</Filter>
    </ClInclude>
    <ClInclude Include="prod.h">
      <Filter>Header Files</Filter>
    </ClInclude>
    <ClInclude Include="read_mri_simple.h">
      <Filter>Header Files</Filter>
    </ClInclude>
    <ClInclude Include="readmedit.h">
      <Filter>Header Files</Filter>
    </ClInclude>
    <ClInclude Include="repmat.h">
      <Filter>Header Files</Filter>
    </ClInclude>
    <ClInclude Include="rot_matrix.h">
      <Filter>Header Files</Filter>
    </ClInclude>
    <ClInclude Include="rt_nonfinite.h">
      <Filter>Header Files</Filter>
    </ClInclude>
    <ClInclude Include="rtGetInf.h">
      <Filter>Header Files</Filter>
    </ClInclude>
    <ClInclude Include="rtGetNaN.h">
      <Filter>Header Files</Filter>
    </ClInclude>
    <ClInclude Include="rtwtypes.h">
      <Filter>Header Files</Filter>
    </ClInclude>
    <ClInclude Include="saveinr.h">
      <Filter>Header Files</Filter>
    </ClInclude>
    <ClInclude Include="segmentation.h">
      <Filter>Header Files</Filter>
    </ClInclude>
    <ClInclude Include="Segmentation1_emxAPI.h">
      <Filter>Header Files</Filter>
    </ClInclude>
    <ClInclude Include="Segmentation1_emxutil.h">
      <Filter>Header Files</Filter>
    </ClInclude>
    <ClInclude Include="Segmentation1_initialize.h">
      <Filter>Header Files</Filter>
    </ClInclude>
    <ClInclude Include="Segmentation1_rtwutil.h">
      <Filter>Header Files</Filter>
    </ClInclude>
    <ClInclude Include="Segmentation1_terminate.h">
      <Filter>Header Files</Filter>
    </ClInclude>
    <ClInclude Include="Segmentation1_types.h">
      <Filter>Header Files</Filter>
    </ClInclude>
    <ClInclude Include="sphere.h">
      <Filter>Header Files</Filter>
    </ClInclude>
    <ClInclude Include="volumesegment.h">
      <Filter>Header Files</Filter>
    </ClInclude>
    <ClInclude Include="warp_apply.h">
      <Filter>Header Files</Filter>
    </ClInclude>
  </ItemGroup>
  <ItemGroup>
    <ClCompile Include="stdafx.cpp">
      <Filter>Source Files</Filter>
    </ClCompile>
    <ClCompile Include="Segmantetion+Meshing.cpp">
      <Filter>Source Files</Filter>
    </ClCompile>
    <ClCompile Include="cgalv2m.cpp">
      <Filter>Source Files</Filter>
    </ClCompile>
    <ClCompile Include="corner_points.cpp">
      <Filter>Source Files</Filter>
    </ClCompile>
    <ClCompile Include="diag.cpp">
      <Filter>Source Files</Filter>
    </ClCompile>
    <ClCompile Include="eml_sort.cpp">
      <Filter>Source Files</Filter>
    </ClCompile>
    <ClCompile Include="eye.cpp">
      <Filter>Source Files</Filter>
    </ClCompile>
    <ClCompile Include="fclose.cpp">
      <Filter>Source Files</Filter>
    </ClCompile>
    <ClCompile Include="fileManager.cpp">
      <Filter>Source Files</Filter>
    </ClCompile>
    <ClCompile Include="fillholes.cpp">
      <Filter>Source Files</Filter>
    </ClCompile>
    <ClCompile Include="fillimg.cpp">
      <Filter>Source Files</Filter>
    </ClCompile>
    <ClCompile Include="fopen.cpp">
      <Filter>Source Files</Filter>
    </ClCompile>
    <ClCompile Include="fprintf.cpp">
      <Filter>Source Files</Filter>
    </ClCompile>
    <ClCompile Include="fread.cpp">
      <Filter>Source Files</Filter>
    </ClCompile>
    <ClCompile Include="imdilate.cpp">
      <Filter>Source Files</Filter>
    </ClCompile>
    <ClCompile Include="imreconstruct.cpp">
      <Filter>Source Files</Filter>
    </ClCompile>
    <ClCompile Include="meshing.cpp">
      <Filter>Source Files</Filter>
    </ClCompile>
    <ClCompile Include="norm.cpp">
      <Filter>Source Files</Filter>
    </ClCompile>
    <ClCompile Include="padarray.cpp">
      <Filter>Source Files</Filter>
    </ClCompile>
    <ClCompile Include="prod.cpp">
      <Filter>Source Files</Filter>
    </ClCompile>
    <ClCompile Include="read_mri_simple.cpp">
      <Filter>Source Files</Filter>
    </ClCompile>
    <ClCompile Include="readmedit.cpp">
      <Filter>Source Files</Filter>
    </ClCompile>
    <ClCompile Include="repmat.cpp">
      <Filter>Source Files</Filter>
    </ClCompile>
    <ClCompile Include="rot_matrix.cpp">
      <Filter>Source Files</Filter>
    </ClCompile>
    <ClCompile Include="rt_nonfinite.cpp">
      <Filter>Source Files</Filter>
    </ClCompile>
    <ClCompile Include="rtGetInf.cpp">
      <Filter>Source Files</Filter>
    </ClCompile>
    <ClCompile Include="rtGetNaN.cpp">
      <Filter>Source Files</Filter>
    </ClCompile>
    <ClCompile Include="saveinr.cpp">
      <Filter>Source Files</Filter>
    </ClCompile>
    <ClCompile Include="segmentation.cpp">
      <Filter>Source Files</Filter>
    </ClCompile>
    <ClCompile Include="Segmentation1_emxAPI.cpp">
      <Filter>Source Files</Filter>
    </ClCompile>
    <ClCompile Include="Segmentation1_emxutil.cpp">
      <Filter>Source Files</Filter>
    </ClCompile>
    <ClCompile Include="Segmentation1_initialize.cpp">
      <Filter>Source Files</Filter>
    </ClCompile>
    <ClCompile Include="Segmentation1_rtwutil.cpp">
      <Filter>Source Files</Filter>
    </ClCompile>
    <ClCompile Include="Segmentation1_terminate.cpp">
      <Filter>Source Files</Filter>
    </ClCompile>
    <ClCompile Include="sphere.cpp">
      <Filter>Source Files</Filter>
    </ClCompile>
    <ClCompile Include="volumesegment.cpp">
      <Filter>Source Files</Filter>
    </ClCompile>
    <ClCompile Include="warp_apply.cpp">
      <Filter>Source Files</Filter>
    </ClCompile>
  </ItemGroup>
</Project>